# This file is autogenerated, do not edit; changes may be undone by the next 'dep ensure'.


[[projects]]
  branch = "master"
  name = "github.com/c2h5oh/datasize"
  packages = ["."]
  revision = "54516c931ae99c3c74637b9ea2390cf9a6327f26"

[[projects]]
  branch = "master"
  name = "github.com/domodwyer/dstats"
  packages = ["."]
  revision = "d074a5e38076948b0be676a782010f47e868fad1"

[[projects]]
  branch = "master"
  name = "github.com/globalsign/mgo"
  packages = [".","bson","internal/json","internal/sasl","internal/scram"]
  revision = "5be15cc6a44937b6937a9487e1633f8a5fb25e4a"

[[projects]]
  branch = "master"
  name = "github.com/lib/pq"
  packages = [".","oid"]
  revision = "e42267488fe361b9dc034be7a6bffef5b195bceb"

[[projects]]
  name = "google.golang.org/grpc"
  packages = ["benchmark/stats"]
  revision = "b3ddf786825de56a4178401b7e174ee332173b66"
  version = "v1.5.2"

[solve-meta]
  analyzer-name = "dep"
  analyzer-version = 1
  inputs-digest = "e48b9f8ee17f15d901a68560cf95c1d101cc2f58fcdffb8c8ebe15ae9ae8fb80"
  solver-name = "gps-cdcl"
  solver-version = 1
